
Microsoft Visual Studio Solution File, Format Version 12.00
# Visual Studio Version 17
VisualStudioVersion = 17.11.35327.3
MinimumVisualStudioVersion = 10.0.40219.1
Project("{FAE04EC0-301F-11D3-BF4B-00C04F79EFBC}") = "ProductsApi", "ProductsApi\ProductsApi.csproj", "{A5FCDB11-DD00-4489-B787-BC5DB52EFE85}"
EndProject
Global
	GlobalSection(SolutionConfigurationPlatforms) = preSolution
		Debug|Any CPU = Debug|Any CPU
		Release|Any CPU = Release|Any CPU
	EndGlobalSection
	GlobalSection(ProjectConfigurationPlatforms) = postSolution
		{A5FCDB11-DD00-4489-B787-BC5DB52EFE85}.Debug|Any CPU.ActiveCfg = Debug|Any CPU
		{A5FCDB11-DD00-4489-B787-BC5DB52EFE85}.Debug|Any CPU.Build.0 = Debug|Any CPU
		{A5FCDB11-DD00-4489-B787-BC5DB52EFE85}.Release|Any CPU.ActiveCfg = Release|Any CPU
		{A5FCDB11-DD00-4489-B787-BC5DB52EFE85}.Release|Any CPU.Build.0 = Release|Any CPU
	EndGlobalSection
	GlobalSection(SolutionProperties) = preSolution
		HideSolutionNode = FALSE
	EndGlobalSection
	GlobalSection(ExtensibilityGlobals) = postSolution
		SolutionGuid = {F21126A6-1775-4650-AE45-8502AEB683C1}
	EndGlobalSection
EndGlobal
