
Microsoft Visual Studio Solution File, Format Version 12.00
# Visual Studio Version 17
VisualStudioVersion = 17.11.35327.3
MinimumVisualStudioVersion = 10.0.40219.1
Project("{FAE04EC0-301F-11D3-BF4B-00C04F79EFBC}") = "TokenAuthorization", "TokenAuthorization\TokenAuthorization.csproj", "{AF4F3CE7-FC13-4531-90A4-A5DD9B32826F}"
EndProject
Global
	GlobalSection(SolutionConfigurationPlatforms) = preSolution
		Debug|Any CPU = Debug|Any CPU
		Release|Any CPU = Release|Any CPU
	EndGlobalSection
	GlobalSection(ProjectConfigurationPlatforms) = postSolution
		{AF4F3CE7-FC13-4531-90A4-A5DD9B32826F}.Debug|Any CPU.ActiveCfg = Debug|Any CPU
		{AF4F3CE7-FC13-4531-90A4-A5DD9B32826F}.Debug|Any CPU.Build.0 = Debug|Any CPU
		{AF4F3CE7-FC13-4531-90A4-A5DD9B32826F}.Release|Any CPU.ActiveCfg = Release|Any CPU
		{AF4F3CE7-FC13-4531-90A4-A5DD9B32826F}.Release|Any CPU.Build.0 = Release|Any CPU
	EndGlobalSection
	GlobalSection(SolutionProperties) = preSolution
		HideSolutionNode = FALSE
	EndGlobalSection
	GlobalSection(ExtensibilityGlobals) = postSolution
		SolutionGuid = {CCAA6080-956C-440B-967F-A3B59D72CBBB}
	EndGlobalSection
EndGlobal
