
Microsoft Visual Studio Solution File, Format Version 12.00
# Visual Studio Version 17
VisualStudioVersion = 17.5.33516.290
MinimumVisualStudioVersion = 10.0.40219.1
Project("{FAE04EC0-301F-11D3-BF4B-00C04F79EFBC}") = "webRequest", "webRequest\webRequest.csproj", "{4C088580-BC29-4C38-B7F7-81665797B224}"
EndProject
Global
	GlobalSection(SolutionConfigurationPlatforms) = preSolution
		Debug|Any CPU = Debug|Any CPU
		Release|Any CPU = Release|Any CPU
	EndGlobalSection
	GlobalSection(ProjectConfigurationPlatforms) = postSolution
		{4C088580-BC29-4C38-B7F7-81665797B224}.Debug|Any CPU.ActiveCfg = Debug|Any CPU
		{4C088580-BC29-4C38-B7F7-81665797B224}.Debug|Any CPU.Build.0 = Debug|Any CPU
		{4C088580-BC29-4C38-B7F7-81665797B224}.Release|Any CPU.ActiveCfg = Release|Any CPU
		{4C088580-BC29-4C38-B7F7-81665797B224}.Release|Any CPU.Build.0 = Release|Any CPU
	EndGlobalSection
	GlobalSection(SolutionProperties) = preSolution
		HideSolutionNode = FALSE
	EndGlobalSection
	GlobalSection(ExtensibilityGlobals) = postSolution
		SolutionGuid = {B4E999BB-D81D-40E5-A393-B5DD14EE93AC}
	EndGlobalSection
EndGlobal
