
Microsoft Visual Studio Solution File, Format Version 12.00
# Visual Studio Version 17
VisualStudioVersion = 17.11.35327.3
MinimumVisualStudioVersion = 10.0.40219.1
Project("{FAE04EC0-301F-11D3-BF4B-00C04F79EFBC}") = "MyAuthDemoBackEnd", "MyAuthDemoBackEnd\MyAuthDemoBackEnd.csproj", "{B67A51CA-C55C-4FE7-87D1-96FA298A6770}"
EndProject
Global
	GlobalSection(SolutionConfigurationPlatforms) = preSolution
		Debug|Any CPU = Debug|Any CPU
		Release|Any CPU = Release|Any CPU
	EndGlobalSection
	GlobalSection(ProjectConfigurationPlatforms) = postSolution
		{B67A51CA-C55C-4FE7-87D1-96FA298A6770}.Debug|Any CPU.ActiveCfg = Debug|Any CPU
		{B67A51CA-C55C-4FE7-87D1-96FA298A6770}.Debug|Any CPU.Build.0 = Debug|Any CPU
		{B67A51CA-C55C-4FE7-87D1-96FA298A6770}.Release|Any CPU.ActiveCfg = Release|Any CPU
		{B67A51CA-C55C-4FE7-87D1-96FA298A6770}.Release|Any CPU.Build.0 = Release|Any CPU
	EndGlobalSection
	GlobalSection(SolutionProperties) = preSolution
		HideSolutionNode = FALSE
	EndGlobalSection
	GlobalSection(ExtensibilityGlobals) = postSolution
		SolutionGuid = {38218278-3C5C-4D1E-9384-987BB97A1927}
	EndGlobalSection
EndGlobal
