
Microsoft Visual Studio Solution File, Format Version 12.00
# Visual Studio Version 17
VisualStudioVersion = 17.11.35327.3
MinimumVisualStudioVersion = 10.0.40219.1
Project("{FAE04EC0-301F-11D3-BF4B-00C04F79EFBC}") = "webApiOfOurHero", "webApiOfOurHero\webApiOfOurHero.csproj", "{D9A45048-4570-4655-AB6E-E4C49C138409}"
EndProject
Global
	GlobalSection(SolutionConfigurationPlatforms) = preSolution
		Debug|Any CPU = Debug|Any CPU
		Release|Any CPU = Release|Any CPU
	EndGlobalSection
	GlobalSection(ProjectConfigurationPlatforms) = postSolution
		{D9A45048-4570-4655-AB6E-E4C49C138409}.Debug|Any CPU.ActiveCfg = Debug|Any CPU
		{D9A45048-4570-4655-AB6E-E4C49C138409}.Debug|Any CPU.Build.0 = Debug|Any CPU
		{D9A45048-4570-4655-AB6E-E4C49C138409}.Release|Any CPU.ActiveCfg = Release|Any CPU
		{D9A45048-4570-4655-AB6E-E4C49C138409}.Release|Any CPU.Build.0 = Release|Any CPU
	EndGlobalSection
	GlobalSection(SolutionProperties) = preSolution
		HideSolutionNode = FALSE
	EndGlobalSection
	GlobalSection(ExtensibilityGlobals) = postSolution
		SolutionGuid = {1B06F4F0-3EAF-4B15-BA13-2617BE95D94D}
	EndGlobalSection
EndGlobal
